// !$*UTF8*$!
{
	archiveVersion = 1;
	classes = {
	};
	objectVersion = 46;
	objects = {

/* Begin PBXBuildFile section */
		85D823A88DFCEBD235BA6FC5 /* Pods_Social.framework in Frameworks */ = {isa = PBXBuildFile; fileRef = 008070D667AF907012A16988 /* Pods_Social.framework */; };
		BA9BD4871D5B8FB80016D0B5 /* AppDelegate.swift in Sources */ = {isa = PBXBuildFile; fileRef = BA9BD4861D5B8FB80016D0B5 /* AppDelegate.swift */; };
		BA9BD4891D5B8FB80016D0B5 /* LoginVC.swift in Sources */ = {isa = PBXBuildFile; fileRef = BA9BD4881D5B8FB80016D0B5 /* LoginVC.swift */; };
		BA9BD48C1D5B8FB80016D0B5 /* Main.storyboard in Resources */ = {isa = PBXBuildFile; fileRef = BA9BD48A1D5B8FB80016D0B5 /* Main.storyboard */; };
		BA9BD48E1D5B8FB80016D0B5 /* Assets.xcassets in Resources */ = {isa = PBXBuildFile; fileRef = BA9BD48D1D5B8FB80016D0B5 /* Assets.xcassets */; };
		BA9BD4911D5B8FB80016D0B5 /* LaunchScreen.storyboard in Resources */ = {isa = PBXBuildFile; fileRef = BA9BD48F1D5B8FB80016D0B5 /* LaunchScreen.storyboard */; };
		BA9BD4991D5B8FEB0016D0B5 /* GoogleService-Info.plist in Resources */ = {isa = PBXBuildFile; fileRef = BA9BD4981D5B8FEB0016D0B5 /* GoogleService-Info.plist */; };
		BA9BD4A01D5BA5190016D0B5 /* ShadowView.swift in Sources */ = {isa = PBXBuildFile; fileRef = BA9BD49F1D5BA5190016D0B5 /* ShadowView.swift */; };
		BA9BD4A31D5BA5610016D0B5 /* Constants.swift in Sources */ = {isa = PBXBuildFile; fileRef = BA9BD4A21D5BA5610016D0B5 /* Constants.swift */; };
		BA9BD4A51D5BA7170016D0B5 /* RoundButton.swift in Sources */ = {isa = PBXBuildFile; fileRef = BA9BD4A41D5BA7170016D0B5 /* RoundButton.swift */; };
		BA9BD4A71D5BA94C0016D0B5 /* Fields.swift in Sources */ = {isa = PBXBuildFile; fileRef = BA9BD4A61D5BA94C0016D0B5 /* Fields.swift */; };
		BA9BD4A91D5BAA7F0016D0B5 /* ShadowButton.swift in Sources */ = {isa = PBXBuildFile; fileRef = BA9BD4A81D5BAA7F0016D0B5 /* ShadowButton.swift */; };
/* End PBXBuildFile section */

/* Begin PBXFileReference section */
		008070D667AF907012A16988 /* Pods_Social.framework */ = {isa = PBXFileReference; explicitFileType = wrapper.framework; includeInIndex = 0; path = Pods_Social.framework; sourceTree = BUILT_PRODUCTS_DIR; };
		110BAB76B53D5CE68E0E1A5A /* Pods-Social.debug.xcconfig */ = {isa = PBXFileReference; includeInIndex = 1; lastKnownFileType = text.xcconfig; name = "Pods-Social.debug.xcconfig"; path = "Pods/Target Support Files/Pods-Social/Pods-Social.debug.xcconfig"; sourceTree = "<group>"; };
		BA9BD4831D5B8FB80016D0B5 /* Social.app */ = {isa = PBXFileReference; explicitFileType = wrapper.application; includeInIndex = 0; path = Social.app; sourceTree = BUILT_PRODUCTS_DIR; };
		BA9BD4861D5B8FB80016D0B5 /* AppDelegate.swift */ = {isa = PBXFileReference; lastKnownFileType = sourcecode.swift; path = AppDelegate.swift; sourceTree = "<group>"; };
		BA9BD4881D5B8FB80016D0B5 /* LoginVC.swift */ = {isa = PBXFileReference; lastKnownFileType = sourcecode.swift; path = LoginVC.swift; sourceTree = "<group>"; };
		BA9BD48B1D5B8FB80016D0B5 /* Base */ = {isa = PBXFileReference; lastKnownFileType = file.storyboard; name = Base; path = Base.lproj/Main.storyboard; sourceTree = "<group>"; };
		BA9BD48D1D5B8FB80016D0B5 /* Assets.xcassets */ = {isa = PBXFileReference; lastKnownFileType = folder.assetcatalog; path = Assets.xcassets; sourceTree = "<group>"; };
		BA9BD4901D5B8FB80016D0B5 /* Base */ = {isa = PBXFileReference; lastKnownFileType = file.storyboard; name = Base; path = Base.lproj/LaunchScreen.storyboard; sourceTree = "<group>"; };
		BA9BD4921D5B8FB80016D0B5 /* Info.plist */ = {isa = PBXFileReference; lastKnownFileType = text.plist.xml; path = Info.plist; sourceTree = "<group>"; };
		BA9BD4981D5B8FEB0016D0B5 /* GoogleService-Info.plist */ = {isa = PBXFileReference; fileEncoding = 4; lastKnownFileType = text.plist.xml; path = "GoogleService-Info.plist"; sourceTree = "<group>"; };
		BA9BD49F1D5BA5190016D0B5 /* ShadowView.swift */ = {isa = PBXFileReference; fileEncoding = 4; lastKnownFileType = sourcecode.swift; path = ShadowView.swift; sourceTree = "<group>"; };
		BA9BD4A21D5BA5610016D0B5 /* Constants.swift */ = {isa = PBXFileReference; fileEncoding = 4; lastKnownFileType = sourcecode.swift; path = Constants.swift; sourceTree = "<group>"; };
		BA9BD4A41D5BA7170016D0B5 /* RoundButton.swift */ = {isa = PBXFileReference; fileEncoding = 4; lastKnownFileType = sourcecode.swift; path = RoundButton.swift; sourceTree = "<group>"; };
		BA9BD4A61D5BA94C0016D0B5 /* Fields.swift */ = {isa = PBXFileReference; fileEncoding = 4; lastKnownFileType = sourcecode.swift; path = Fields.swift; sourceTree = "<group>"; };
		BA9BD4A81D5BAA7F0016D0B5 /* ShadowButton.swift */ = {isa = PBXFileReference; fileEncoding = 4; lastKnownFileType = sourcecode.swift; path = ShadowButton.swift; sourceTree = "<group>"; };
		C93985D04C2C23FEF71613F0 /* Pods-Social.release.xcconfig */ = {isa = PBXFileReference; includeInIndex = 1; lastKnownFileType = text.xcconfig; name = "Pods-Social.release.xcconfig"; path = "Pods/Target Support Files/Pods-Social/Pods-Social.release.xcconfig"; sourceTree = "<group>"; };
/* End PBXFileReference section */

/* Begin PBXFrameworksBuildPhase section */
		BA9BD4801D5B8FB80016D0B5 /* Frameworks */ = {
			isa = PBXFrameworksBuildPhase;
			buildActionMask = 2147483647;
			files = (
				85D823A88DFCEBD235BA6FC5 /* Pods_Social.framework in Frameworks */,
			);
			runOnlyForDeploymentPostprocessing = 0;
		};
/* End PBXFrameworksBuildPhase section */

/* Begin PBXGroup section */
		749B573C257A60EE3B123B9E /* Pods */ = {
			isa = PBXGroup;
			children = (
				110BAB76B53D5CE68E0E1A5A /* Pods-Social.debug.xcconfig */,
				C93985D04C2C23FEF71613F0 /* Pods-Social.release.xcconfig */,
			);
			name = Pods;
			sourceTree = "<group>";
		};
		B53466BFBB2DE2FFCFAD7B2F /* Frameworks */ = {
			isa = PBXGroup;
			children = (
				008070D667AF907012A16988 /* Pods_Social.framework */,
			);
			name = Frameworks;
			sourceTree = "<group>";
		};
		BA9BD47A1D5B8FB80016D0B5 = {
			isa = PBXGroup;
			children = (
				BA9BD4851D5B8FB80016D0B5 /* Social */,
				BA9BD4841D5B8FB80016D0B5 /* Products */,
				749B573C257A60EE3B123B9E /* Pods */,
				B53466BFBB2DE2FFCFAD7B2F /* Frameworks */,
			);
			sourceTree = "<group>";
		};
		BA9BD4841D5B8FB80016D0B5 /* Products */ = {
			isa = PBXGroup;
			children = (
				BA9BD4831D5B8FB80016D0B5 /* Social.app */,
			);
			name = Products;
			sourceTree = "<group>";
		};
		BA9BD4851D5B8FB80016D0B5 /* Social */ = {
			isa = PBXGroup;
			children = (
				BA9BD49B1D5B95BD0016D0B5 /* Controller */,
				BA9BD49A1D5B95A70016D0B5 /* Model */,
				BA9BD49C1D5BA4BE0016D0B5 /* View */,
				BA9BD4A11D5BA5540016D0B5 /* Utils */,
				BA9BD4861D5B8FB80016D0B5 /* AppDelegate.swift */,
				BA9BD48A1D5B8FB80016D0B5 /* Main.storyboard */,
				BA9BD48D1D5B8FB80016D0B5 /* Assets.xcassets */,
				BA9BD48F1D5B8FB80016D0B5 /* LaunchScreen.storyboard */,
				BA9BD4981D5B8FEB0016D0B5 /* GoogleService-Info.plist */,
				BA9BD4921D5B8FB80016D0B5 /* Info.plist */,
			);
			path = Social;
			sourceTree = "<group>";
		};
		BA9BD49A1D5B95A70016D0B5 /* Model */ = {
			isa = PBXGroup;
			children = (
			);
			name = Model;
			sourceTree = "<group>";
		};
		BA9BD49B1D5B95BD0016D0B5 /* Controller */ = {
			isa = PBXGroup;
			children = (
				BA9BD4881D5B8FB80016D0B5 /* LoginVC.swift */,
			);
			name = Controller;
			sourceTree = "<group>";
		};
		BA9BD49C1D5BA4BE0016D0B5 /* View */ = {
			isa = PBXGroup;
			children = (
				BA9BD49F1D5BA5190016D0B5 /* ShadowView.swift */,
				BA9BD4A41D5BA7170016D0B5 /* RoundButton.swift */,
				BA9BD4A61D5BA94C0016D0B5 /* Fields.swift */,
				BA9BD4A81D5BAA7F0016D0B5 /* ShadowButton.swift */,
			);
			name = View;
			sourceTree = "<group>";
		};
		BA9BD4A11D5BA5540016D0B5 /* Utils */ = {
			isa = PBXGroup;
			children = (
				BA9BD4A21D5BA5610016D0B5 /* Constants.swift */,
			);
			name = Utils;
			sourceTree = "<group>";
		};
/* End PBXGroup section */

/* Begin PBXNativeTarget section */
		BA9BD4821D5B8FB80016D0B5 /* Social */ = {
			isa = PBXNativeTarget;
			buildConfigurationList = BA9BD4951D5B8FB80016D0B5 /* Build configuration list for PBXNativeTarget "Social" */;
			buildPhases = (
				25FD6EAFA5A98F54B27A5CCB /* [CP] Check Pods Manifest.lock */,
				BA9BD47F1D5B8FB80016D0B5 /* Sources */,
				BA9BD4801D5B8FB80016D0B5 /* Frameworks */,
				BA9BD4811D5B8FB80016D0B5 /* Resources */,
				9C4B526060D7E616FE58E6DE /* [CP] Embed Pods Frameworks */,
				FAD704BAF17DE022D487A2C0 /* [CP] Copy Pods Resources */,
			);
			buildRules = (
			);
			dependencies = (
			);
			name = Social;
			productName = Social;
			productReference = BA9BD4831D5B8FB80016D0B5 /* Social.app */;
			productType = "com.apple.product-type.application";
		};
/* End PBXNativeTarget section */

/* Begin PBXProject section */
		BA9BD47B1D5B8FB80016D0B5 /* Project object */ = {
			isa = PBXProject;
			attributes = {
				LastSwiftUpdateCheck = 0800;
				LastUpgradeCheck = 0800;
				ORGANIZATIONNAME = "Matthew Curtner";
				TargetAttributes = {
					BA9BD4821D5B8FB80016D0B5 = {
						CreatedOnToolsVersion = 8.0;
						DevelopmentTeam = M77G4VQ69B;
						ProvisioningStyle = Automatic;
					};
				};
			};
			buildConfigurationList = BA9BD47E1D5B8FB80016D0B5 /* Build configuration list for PBXProject "Social" */;
			compatibilityVersion = "Xcode 3.2";
			developmentRegion = English;
			hasScannedForEncodings = 0;
			knownRegions = (
				en,
				Base,
			);
			mainGroup = BA9BD47A1D5B8FB80016D0B5;
			productRefGroup = BA9BD4841D5B8FB80016D0B5 /* Products */;
			projectDirPath = "";
			projectRoot = "";
			targets = (
				BA9BD4821D5B8FB80016D0B5 /* Social */,
			);
		};
/* End PBXProject section */

/* Begin PBXResourcesBuildPhase section */
		BA9BD4811D5B8FB80016D0B5 /* Resources */ = {
			isa = PBXResourcesBuildPhase;
			buildActionMask = 2147483647;
			files = (
				BA9BD4911D5B8FB80016D0B5 /* LaunchScreen.storyboard in Resources */,
				BA9BD4991D5B8FEB0016D0B5 /* GoogleService-Info.plist in Resources */,
				BA9BD48E1D5B8FB80016D0B5 /* Assets.xcassets in Resources */,
				BA9BD48C1D5B8FB80016D0B5 /* Main.storyboard in Resources */,
			);
			runOnlyForDeploymentPostprocessing = 0;
		};
/* End PBXResourcesBuildPhase section */

/* Begin PBXShellScriptBuildPhase section */
		25FD6EAFA5A98F54B27A5CCB /* [CP] Check Pods Manifest.lock */ = {
			isa = PBXShellScriptBuildPhase;
			buildActionMask = 2147483647;
			files = (
			);
			inputPaths = (
			);
			name = "[CP] Check Pods Manifest.lock";
			outputPaths = (
			);
			runOnlyForDeploymentPostprocessing = 0;
			shellPath = /bin/sh;
			shellScript = "diff \"${PODS_ROOT}/../Podfile.lock\" \"${PODS_ROOT}/Manifest.lock\" > /dev/null\nif [ $? != 0 ] ; then\n    # print error to STDERR\n    echo \"error: The sandbox is not in sync with the Podfile.lock. Run 'pod install' or update your CocoaPods installation.\" >&2\n    exit 1\nfi\n";
			showEnvVarsInLog = 0;
		};
		9C4B526060D7E616FE58E6DE /* [CP] Embed Pods Frameworks */ = {
			isa = PBXShellScriptBuildPhase;
			buildActionMask = 2147483647;
			files = (
			);
			inputPaths = (
			);
			name = "[CP] Embed Pods Frameworks";
			outputPaths = (
			);
			runOnlyForDeploymentPostprocessing = 0;
			shellPath = /bin/sh;
			shellScript = "\"${SRCROOT}/Pods/Target Support Files/Pods-Social/Pods-Social-frameworks.sh\"\n";
			showEnvVarsInLog = 0;
		};
		FAD704BAF17DE022D487A2C0 /* [CP] Copy Pods Resources */ = {
			isa = PBXShellScriptBuildPhase;
			buildActionMask = 2147483647;
			files = (
			);
			inputPaths = (
			);
			name = "[CP] Copy Pods Resources";
			outputPaths = (
			);
			runOnlyForDeploymentPostprocessing = 0;
			shellPath = /bin/sh;
			shellScript = "\"${SRCROOT}/Pods/Target Support Files/Pods-Social/Pods-Social-resources.sh\"\n";
			showEnvVarsInLog = 0;
		};
/* End PBXShellScriptBuildPhase section */

/* Begin PBXSourcesBuildPhase section */
		BA9BD47F1D5B8FB80016D0B5 /* Sources */ = {
			isa = PBXSourcesBuildPhase;
			buildActionMask = 2147483647;
			files = (
				BA9BD4A71D5BA94C0016D0B5 /* Fields.swift in Sources */,
				BA9BD4A01D5BA5190016D0B5 /* ShadowView.swift in Sources */,
				BA9BD4A51D5BA7170016D0B5 /* RoundButton.swift in Sources */,
				BA9BD4891D5B8FB80016D0B5 /* LoginVC.swift in Sources */,
				BA9BD4871D5B8FB80016D0B5 /* AppDelegate.swift in Sources */,
				BA9BD4A91D5BAA7F0016D0B5 /* ShadowButton.swift in Sources */,
				BA9BD4A31D5BA5610016D0B5 /* Constants.swift in Sources */,
			);
			runOnlyForDeploymentPostprocessing = 0;
		};
/* End PBXSourcesBuildPhase section */

/* Begin PBXVariantGroup section */
		BA9BD48A1D5B8FB80016D0B5 /* Main.storyboard */ = {
			isa = PBXVariantGroup;
			children = (
				BA9BD48B1D5B8FB80016D0B5 /* Base */,
			);
			name = Main.storyboard;
			sourceTree = "<group>";
		};
		BA9BD48F1D5B8FB80016D0B5 /* LaunchScreen.storyboard */ = {
			isa = PBXVariantGroup;
			children = (
				BA9BD4901D5B8FB80016D0B5 /* Base */,
			);
			name = LaunchScreen.storyboard;
			sourceTree = "<group>";
		};
/* End PBXVariantGroup section */

/* Begin XCBuildConfiguration section */
		BA9BD4931D5B8FB80016D0B5 /* Debug */ = {
			isa = XCBuildConfiguration;
			buildSettings = {
				ALWAYS_SEARCH_USER_PATHS = NO;
				CLANG_ANALYZER_NONNULL = YES;
				CLANG_CXX_LANGUAGE_STANDARD = "gnu++0x";
				CLANG_CXX_LIBRARY = "libc++";
				CLANG_ENABLE_MODULES = YES;
				CLANG_ENABLE_OBJC_ARC = YES;
				CLANG_WARN_BOOL_CONVERSION = YES;
				CLANG_WARN_CONSTANT_CONVERSION = YES;
				CLANG_WARN_DIRECT_OBJC_ISA_USAGE = YES_ERROR;
				CLANG_WARN_DOCUMENTATION_COMMENTS = YES;
				CLANG_WARN_EMPTY_BODY = YES;
				CLANG_WARN_ENUM_CONVERSION = YES;
				CLANG_WARN_INFINITE_RECURSION = YES;
				CLANG_WARN_INT_CONVERSION = YES;
				CLANG_WARN_OBJC_ROOT_CLASS = YES_ERROR;
				CLANG_WARN_SUSPICIOUS_MOVES = YES;
				CLANG_WARN_UNREACHABLE_CODE = YES;
				CLANG_WARN__DUPLICATE_METHOD_MATCH = YES;
				"CODE_SIGN_IDENTITY[sdk=iphoneos*]" = "iPhone Developer";
				COPY_PHASE_STRIP = NO;
				DEBUG_INFORMATION_FORMAT = dwarf;
				ENABLE_STRICT_OBJC_MSGSEND = YES;
				ENABLE_TESTABILITY = YES;
				GCC_C_LANGUAGE_STANDARD = gnu99;
				GCC_DYNAMIC_NO_PIC = NO;
				GCC_NO_COMMON_BLOCKS = YES;
				GCC_OPTIMIZATION_LEVEL = 0;
				GCC_PREPROCESSOR_DEFINITIONS = (
					"DEBUG=1",
					"$(inherited)",
				);
				GCC_WARN_64_TO_32_BIT_CONVERSION = YES;
				GCC_WARN_ABOUT_RETURN_TYPE = YES_ERROR;
				GCC_WARN_UNDECLARED_SELECTOR = YES;
				GCC_WARN_UNINITIALIZED_AUTOS = YES_AGGRESSIVE;
				GCC_WARN_UNUSED_FUNCTION = YES;
				GCC_WARN_UNUSED_VARIABLE = YES;
				IPHONEOS_DEPLOYMENT_TARGET = 10.0;
				MTL_ENABLE_DEBUG_INFO = YES;
				ONLY_ACTIVE_ARCH = YES;
				SDKROOT = iphoneos;
				SWIFT_ACTIVE_COMPILATION_CONDITIONS = DEBUG;
				SWIFT_OPTIMIZATION_LEVEL = "-Onone";
			};
			name = Debug;
		};
		BA9BD4941D5B8FB80016D0B5 /* Release */ = {
			isa = XCBuildConfiguration;
			buildSettings = {
				ALWAYS_SEARCH_USER_PATHS = NO;
				CLANG_ANALYZER_NONNULL = YES;
				CLANG_CXX_LANGUAGE_STANDARD = "gnu++0x";
				CLANG_CXX_LIBRARY = "libc++";
				CLANG_ENABLE_MODULES = YES;
				CLANG_ENABLE_OBJC_ARC = YES;
				CLANG_WARN_BOOL_CONVERSION = YES;
				CLANG_WARN_CONSTANT_CONVERSION = YES;
				CLANG_WARN_DIRECT_OBJC_ISA_USAGE = YES_ERROR;
				CLANG_WARN_DOCUMENTATION_COMMENTS = YES;
				CLANG_WARN_EMPTY_BODY = YES;
				CLANG_WARN_ENUM_CONVERSION = YES;
				CLANG_WARN_INFINITE_RECURSION = YES;
				CLANG_WARN_INT_CONVERSION = YES;
				CLANG_WARN_OBJC_ROOT_CLASS = YES_ERROR;
				CLANG_WARN_SUSPICIOUS_MOVES = YES;
				CLANG_WARN_UNREACHABLE_CODE = YES;
				CLANG_WARN__DUPLICATE_METHOD_MATCH = YES;
				"CODE_SIGN_IDENTITY[sdk=iphoneos*]" = "iPhone Developer";
				COPY_PHASE_STRIP = NO;
				DEBUG_INFORMATION_FORMAT = "dwarf-with-dsym";
				ENABLE_NS_ASSERTIONS = NO;
				ENABLE_STRICT_OBJC_MSGSEND = YES;
				GCC_C_LANGUAGE_STANDARD = gnu99;
				GCC_NO_COMMON_BLOCKS = YES;
				GCC_WARN_64_TO_32_BIT_CONVERSION = YES;
				GCC_WARN_ABOUT_RETURN_TYPE = YES_ERROR;
				GCC_WARN_UNDECLARED_SELECTOR = YES;
				GCC_WARN_UNINITIALIZED_AUTOS = YES_AGGRESSIVE;
				GCC_WARN_UNUSED_FUNCTION = YES;
				GCC_WARN_UNUSED_VARIABLE = YES;
				IPHONEOS_DEPLOYMENT_TARGET = 10.0;
				MTL_ENABLE_DEBUG_INFO = NO;
				SDKROOT = iphoneos;
				SWIFT_OPTIMIZATION_LEVEL = "-Owholemodule";
				VALIDATE_PRODUCT = YES;
			};
			name = Release;
		};
		BA9BD4961D5B8FB80016D0B5 /* Debug */ = {
			isa = XCBuildConfiguration;
			baseConfigurationReference = 110BAB76B53D5CE68E0E1A5A /* Pods-Social.debug.xcconfig */;
			buildSettings = {
				ASSETCATALOG_COMPILER_APPICON_NAME = AppIcon;
				DEVELOPMENT_TEAM = M77G4VQ69B;
				INFOPLIST_FILE = Social/Info.plist;
				LD_RUNPATH_SEARCH_PATHS = "$(inherited) @executable_path/Frameworks";
				PRODUCT_BUNDLE_IDENTIFIER = com.matthewcurtner.Social;
				PRODUCT_NAME = "$(TARGET_NAME)";
				SWIFT_VERSION = 3.0;
			};
			name = Debug;
		};
		BA9BD4971D5B8FB80016D0B5 /* Release */ = {
			isa = XCBuildConfiguration;
			baseConfigurationReference = C93985D04C2C23FEF71613F0 /* Pods-Social.release.xcconfig */;
			buildSettings = {
				ASSETCATALOG_COMPILER_APPICON_NAME = AppIcon;
				DEVELOPMENT_TEAM = M77G4VQ69B;
				INFOPLIST_FILE = Social/Info.plist;
				LD_RUNPATH_SEARCH_PATHS = "$(inherited) @executable_path/Frameworks";
				PRODUCT_BUNDLE_IDENTIFIER = com.matthewcurtner.Social;
				PRODUCT_NAME = "$(TARGET_NAME)";
				SWIFT_VERSION = 3.0;
			};
			name = Release;
		};
/* End XCBuildConfiguration section */

/* Begin XCConfigurationList section */
		BA9BD47E1D5B8FB80016D0B5 /* Build configuration list for PBXProject "Social" */ = {
			isa = XCConfigurationList;
			buildConfigurations = (
				BA9BD4931D5B8FB80016D0B5 /* Debug */,
				BA9BD4941D5B8FB80016D0B5 /* Release */,
			);
			defaultConfigurationIsVisible = 0;
			defaultConfigurationName = Release;
		};
		BA9BD4951D5B8FB80016D0B5 /* Build configuration list for PBXNativeTarget "Social" */ = {
			isa = XCConfigurationList;
			buildConfigurations = (
				BA9BD4961D5B8FB80016D0B5 /* Debug */,
				BA9BD4971D5B8FB80016D0B5 /* Release */,
			);
			defaultConfigurationIsVisible = 0;
			defaultConfigurationName = Release;
		};
/* End XCConfigurationList section */
	};
	rootObject = BA9BD47B1D5B8FB80016D0B5 /* Project object */;
}
